
Microsoft Visual Studio Solution File, Format Version 11.00
# Visual Studio 2010
Project("{FAE04EC0-301F-11D3-BF4B-00C04F79EFBC}") = "lognet", "lognet\lognet.csproj", "{31F30C71-0A5F-4727-8074-0A5EE22094E8}"
EndProject
Project("{FAE04EC0-301F-11D3-BF4B-00C04F79EFBC}") = "LogComponent", "LogComponent\LogComponent.csproj", "{A4F5E1CB-6B0E-4D60-925B-AE65C1D69682}"
EndProject
Global
	GlobalSection(SolutionConfigurationPlatforms) = preSolution
		Debug|Any CPU = Debug|Any CPU
		Debug|Mixed Platforms = Debug|Mixed Platforms
		Debug|x86 = Debug|x86
		Release|Any CPU = Release|Any CPU
		Release|Mixed Platforms = Release|Mixed Platforms
		Release|x86 = Release|x86
	EndGlobalSection
	GlobalSection(ProjectConfigurationPlatforms) = postSolution
		{31F30C71-0A5F-4727-8074-0A5EE22094E8}.Debug|Any CPU.ActiveCfg = Debug|x86
		{31F30C71-0A5F-4727-8074-0A5EE22094E8}.Debug|Mixed Platforms.ActiveCfg = Debug|x86
		{31F30C71-0A5F-4727-8074-0A5EE22094E8}.Debug|Mixed Platforms.Build.0 = Debug|x86
		{31F30C71-0A5F-4727-8074-0A5EE22094E8}.Debug|x86.ActiveCfg = Debug|x86
		{31F30C71-0A5F-4727-8074-0A5EE22094E8}.Debug|x86.Build.0 = Debug|x86
		{31F30C71-0A5F-4727-8074-0A5EE22094E8}.Release|Any CPU.ActiveCfg = Release|x86
		{31F30C71-0A5F-4727-8074-0A5EE22094E8}.Release|Mixed Platforms.ActiveCfg = Release|x86
		{31F30C71-0A5F-4727-8074-0A5EE22094E8}.Release|Mixed Platforms.Build.0 = Release|x86
		{31F30C71-0A5F-4727-8074-0A5EE22094E8}.Release|x86.ActiveCfg = Release|x86
		{31F30C71-0A5F-4727-8074-0A5EE22094E8}.Release|x86.Build.0 = Release|x86
		{A4F5E1CB-6B0E-4D60-925B-AE65C1D69682}.Debug|Any CPU.ActiveCfg = Debug|Any CPU
		{A4F5E1CB-6B0E-4D60-925B-AE65C1D69682}.Debug|Any CPU.Build.0 = Debug|Any CPU
		{A4F5E1CB-6B0E-4D60-925B-AE65C1D69682}.Debug|Mixed Platforms.ActiveCfg = Debug|Any CPU
		{A4F5E1CB-6B0E-4D60-925B-AE65C1D69682}.Debug|Mixed Platforms.Build.0 = Debug|Any CPU
		{A4F5E1CB-6B0E-4D60-925B-AE65C1D69682}.Debug|x86.ActiveCfg = Debug|Any CPU
		{A4F5E1CB-6B0E-4D60-925B-AE65C1D69682}.Release|Any CPU.ActiveCfg = Release|Any CPU
		{A4F5E1CB-6B0E-4D60-925B-AE65C1D69682}.Release|Any CPU.Build.0 = Release|Any CPU
		{A4F5E1CB-6B0E-4D60-925B-AE65C1D69682}.Release|Mixed Platforms.ActiveCfg = Release|Any CPU
		{A4F5E1CB-6B0E-4D60-925B-AE65C1D69682}.Release|Mixed Platforms.Build.0 = Release|Any CPU
		{A4F5E1CB-6B0E-4D60-925B-AE65C1D69682}.Release|x86.ActiveCfg = Release|Any CPU
	EndGlobalSection
	GlobalSection(SolutionProperties) = preSolution
		HideSolutionNode = FALSE
	EndGlobalSection
EndGlobal
